github.com/aws/aws-lambda-go v1.49.0 h1:z4VhTqkFZPM3xpEtTqWqRqsRH4TZBMJqTkRiBPYLqIQ=
github.com/aws/aws-lambda-go v1.49.0/go.mod h1:dpMpZgvWx5vuQJfBt0zqBha60q7Dd7RfgJv23DymV8A=
github.com/vercel/go-bridge v0.0.0-20221108222652-296f4c6bdb6d h1:yF16FifsUK1ZfRAiG8c3Sm2hM7PaJGtBduL3BzI7ZE4=
github.com/vercel/go-bridge v0.0.0-20221108222652-296f4c6bdb6d/go.mod h1:RTTykQS0l8RDfOjATEreOpvPDo/yn1zW2nCCP8zBM7E=
